
Microsoft Visual Studio Solution File, Format Version 12.00
# Visual Studio Version 16
VisualStudioVersion = 16.0.29306.81
MinimumVisualStudioVersion = 10.0.40219.1
Project("{FAE04EC0-301F-11D3-BF4B-00C04F79EFBC}") = "CA2API", "CA2API\CA2API.csproj", "{BDB0EFD7-D338-4CCA-B860-0DA0CB46ADEE}"
EndProject
Global
	GlobalSection(SolutionConfigurationPlatforms) = preSolution
		Debug|Any CPU = Debug|Any CPU
		Release|Any CPU = Release|Any CPU
	EndGlobalSection
	GlobalSection(ProjectConfigurationPlatforms) = postSolution
		{BDB0EFD7-D338-4CCA-B860-0DA0CB46ADEE}.Debug|Any CPU.ActiveCfg = Debug|Any CPU
		{BDB0EFD7-D338-4CCA-B860-0DA0CB46ADEE}.Debug|Any CPU.Build.0 = Debug|Any CPU
		{BDB0EFD7-D338-4CCA-B860-0DA0CB46ADEE}.Release|Any CPU.ActiveCfg = Release|Any CPU
		{BDB0EFD7-D338-4CCA-B860-0DA0CB46ADEE}.Release|Any CPU.Build.0 = Release|Any CPU
	EndGlobalSection
	GlobalSection(SolutionProperties) = preSolution
		HideSolutionNode = FALSE
	EndGlobalSection
	GlobalSection(ExtensibilityGlobals) = postSolution
		SolutionGuid = {01A0F54B-C72A-4E7D-BFB7-56B91CAD5258}
	EndGlobalSection
EndGlobal
